
Microsoft Visual Studio Solution File, Format Version 12.00
# Visual Studio 15
VisualStudioVersion = 15.0.27703.2042
MinimumVisualStudioVersion = 10.0.40219.1
Project("{FAE04EC0-301F-11D3-BF4B-00C04F79EFBC}") = "DeBangTool", "DeBangTool\DeBangTool.csproj", "{B93BCD10-517A-42EC-BD5E-CCEA2E4852D7}"
EndProject
Global
	GlobalSection(SolutionConfigurationPlatforms) = preSolution
		Debug|Any CPU = Debug|Any CPU
		Release|Any CPU = Release|Any CPU
	EndGlobalSection
	GlobalSection(ProjectConfigurationPlatforms) = postSolution
		{B93BCD10-517A-42EC-BD5E-CCEA2E4852D7}.Debug|Any CPU.ActiveCfg = Debug|Any CPU
		{B93BCD10-517A-42EC-BD5E-CCEA2E4852D7}.Debug|Any CPU.Build.0 = Debug|Any CPU
		{B93BCD10-517A-42EC-BD5E-CCEA2E4852D7}.Release|Any CPU.ActiveCfg = Release|Any CPU
		{B93BCD10-517A-42EC-BD5E-CCEA2E4852D7}.Release|Any CPU.Build.0 = Release|Any CPU
	EndGlobalSection
	GlobalSection(SolutionProperties) = preSolution
		HideSolutionNode = FALSE
	EndGlobalSection
	GlobalSection(ExtensibilityGlobals) = postSolution
		SolutionGuid = {CE84D24D-E7EC-43AA-BA9C-93195FE66DA2}
	EndGlobalSection
EndGlobal
